{
    "_readme": [
        "This file locks the dependencies of your project to a known state",
        "Read more about it at https://getcomposer.org/doc/01-basic-usage.md#composer-lock-the-lock-file",
        "This file is @generated automatically"
    ],
    "hash": "95dcf9600eea6121d1c0c3e054cf0185",
    "packages": [],
    "packages-dev": [
        {
            "name": "bower-asset/jqjquery-wysibb",
            "version": "1.5.1",
            "source": {
                "type": "git",
                "url": "https://github.com/wbb/wysibb.git",
                "reference": "4e3fc3fd968a2345a6b9841f4d470541782fd2d5"
            },
            "dist": {
                "type": "zip",
                "url": "https://api.github.com/repos/wbb/wysibb/zipball/4e3fc3fd968a2345a6b9841f4d470541782fd2d5",
                "reference": "4e3fc3fd968a2345a6b9841f4d470541782fd2d5",
                "shasum": ""
            },
            "type": "bower-asset-library"
        }
    ],
    "aliases": [],
    "minimum-stability": "stable",
    "stability-flags": [],
    "prefer-stable": false,
    "prefer-lowest": false,
    "platform": {
        "php": ">=5.4.0"
    },
    "platform-dev": []
}
